
Microsoft Visual Studio Solution File, Format Version 12.00
# Visual Studio Version 17
VisualStudioVersion = 17.13.35818.85 d17.13
MinimumVisualStudioVersion = 10.0.40219.1
Project("{FAE04EC0-301F-11D3-BF4B-00C04F79EFBC}") = "tpmodul8_103022300053", "tpmodul8_103022300053.csproj", "{A86E5407-D445-4ECC-9D80-034704625217}"
EndProject
Global
	GlobalSection(SolutionConfigurationPlatforms) = preSolution
		Debug|Any CPU = Debug|Any CPU
		Release|Any CPU = Release|Any CPU
	EndGlobalSection
	GlobalSection(ProjectConfigurationPlatforms) = postSolution
		{A86E5407-D445-4ECC-9D80-034704625217}.Debug|Any CPU.ActiveCfg = Debug|Any CPU
		{A86E5407-D445-4ECC-9D80-034704625217}.Debug|Any CPU.Build.0 = Debug|Any CPU
		{A86E5407-D445-4ECC-9D80-034704625217}.Release|Any CPU.ActiveCfg = Release|Any CPU
		{A86E5407-D445-4ECC-9D80-034704625217}.Release|Any CPU.Build.0 = Release|Any CPU
	EndGlobalSection
	GlobalSection(SolutionProperties) = preSolution
		HideSolutionNode = FALSE
	EndGlobalSection
	GlobalSection(ExtensibilityGlobals) = postSolution
		SolutionGuid = {5D48E4B7-B291-49C5-93D5-C5B520AAB2D4}
	EndGlobalSection
EndGlobal
